
Microsoft Visual Studio Solution File, Format Version 12.00
# Visual Studio Version 16
VisualStudioVersion = 16.0.31424.327
MinimumVisualStudioVersion = 10.0.40219.1
Project("{FAE04EC0-301F-11D3-BF4B-00C04F79EFBC}") = "BattleStar", "BattleStar\BattleStar.csproj", "{FEF3BCC8-F2C4-41F8-B9D1-9103A1AF3BCF}"
EndProject
Global
	GlobalSection(SolutionConfigurationPlatforms) = preSolution
		Debug|Any CPU = Debug|Any CPU
		Release|Any CPU = Release|Any CPU
	EndGlobalSection
	GlobalSection(ProjectConfigurationPlatforms) = postSolution
		{FEF3BCC8-F2C4-41F8-B9D1-9103A1AF3BCF}.Debug|Any CPU.ActiveCfg = Debug|Any CPU
		{FEF3BCC8-F2C4-41F8-B9D1-9103A1AF3BCF}.Debug|Any CPU.Build.0 = Debug|Any CPU
		{FEF3BCC8-F2C4-41F8-B9D1-9103A1AF3BCF}.Release|Any CPU.ActiveCfg = Release|Any CPU
		{FEF3BCC8-F2C4-41F8-B9D1-9103A1AF3BCF}.Release|Any CPU.Build.0 = Release|Any CPU
	EndGlobalSection
	GlobalSection(SolutionProperties) = preSolution
		HideSolutionNode = FALSE
	EndGlobalSection
	GlobalSection(ExtensibilityGlobals) = postSolution
		SolutionGuid = {C008CBA4-D54A-46E0-8CB6-74685C46ABC6}
	EndGlobalSection
EndGlobal
